# This file is automatically @generated by Cargo.
# It is not intended for manual editing.
version = 4

[[package]]
name = "dagr-artifact"
version = "0.0.0"

[[package]]
name = "dagr-cli"
version = "0.0.0"
dependencies = [
 "dagr-artifact",
 "dagr-core",
 "dagr-render",
]

[[package]]
name = "dagr-core"
version = "0.0.0"

[[package]]
name = "dagr-render"
version = "0.0.0"
dependencies = [
 "dagr-artifact",
]
